
Microsoft Visual Studio Solution File, Format Version 12.00
# Visual Studio Version 16
VisualStudioVersion = 16.0.29609.76
MinimumVisualStudioVersion = 10.0.40219.1
Project("{FAE04EC0-301F-11D3-BF4B-00C04F79EFBC}") = "DockerUI.Api", "DockerUI.Api.csproj", "{4A0F03CC-A331-4733-8BCC-7E992EFD9F49}"
EndProject
Global
	GlobalSection(SolutionConfigurationPlatforms) = preSolution
		Debug|Any CPU = Debug|Any CPU
		Release|Any CPU = Release|Any CPU
	EndGlobalSection
	GlobalSection(ProjectConfigurationPlatforms) = postSolution
		{4A0F03CC-A331-4733-8BCC-7E992EFD9F49}.Debug|Any CPU.ActiveCfg = Debug|Any CPU
		{4A0F03CC-A331-4733-8BCC-7E992EFD9F49}.Debug|Any CPU.Build.0 = Debug|Any CPU
		{4A0F03CC-A331-4733-8BCC-7E992EFD9F49}.Release|Any CPU.ActiveCfg = Release|Any CPU
		{4A0F03CC-A331-4733-8BCC-7E992EFD9F49}.Release|Any CPU.Build.0 = Release|Any CPU
	EndGlobalSection
	GlobalSection(SolutionProperties) = preSolution
		HideSolutionNode = FALSE
	EndGlobalSection
	GlobalSection(ExtensibilityGlobals) = postSolution
		SolutionGuid = {D738B01F-1FB4-4FA1-B242-23E378611AAA}
	EndGlobalSection
EndGlobal
